
Microsoft Visual Studio Solution File, Format Version 12.00
# Visual Studio Version 16
VisualStudioVersion = 16.0.29403.142
MinimumVisualStudioVersion = 10.0.40219.1
Project("{9A19103F-16F7-4668-BE54-9A1E7A4F7556}") = "FlexFA_Web", "FlexFA_Web\FlexFA_Web.csproj", "{B8387B11-3AA2-4498-9D29-2FDE01A599B0}"
EndProject
Project("{9A19103F-16F7-4668-BE54-9A1E7A4F7556}") = "TEST", "TEST\TEST.csproj", "{99CD1226-5159-4C9B-A7A3-707DEF2DE063}"
EndProject
Project("{FAE04EC0-301F-11D3-BF4B-00C04F79EFBC}") = "Retaurant_WebAPI", "Retaurant_WebAPI\Retaurant_WebAPI.csproj", "{BB389A93-60A0-47D8-AAC1-05118D948974}"
EndProject
Global
	GlobalSection(SolutionConfigurationPlatforms) = preSolution
		Debug|Any CPU = Debug|Any CPU
		Release|Any CPU = Release|Any CPU
	EndGlobalSection
	GlobalSection(ProjectConfigurationPlatforms) = postSolution
		{B8387B11-3AA2-4498-9D29-2FDE01A599B0}.Debug|Any CPU.ActiveCfg = Debug|Any CPU
		{B8387B11-3AA2-4498-9D29-2FDE01A599B0}.Debug|Any CPU.Build.0 = Debug|Any CPU
		{B8387B11-3AA2-4498-9D29-2FDE01A599B0}.Release|Any CPU.ActiveCfg = Release|Any CPU
		{B8387B11-3AA2-4498-9D29-2FDE01A599B0}.Release|Any CPU.Build.0 = Release|Any CPU
		{99CD1226-5159-4C9B-A7A3-707DEF2DE063}.Debug|Any CPU.ActiveCfg = Debug|Any CPU
		{99CD1226-5159-4C9B-A7A3-707DEF2DE063}.Debug|Any CPU.Build.0 = Debug|Any CPU
		{99CD1226-5159-4C9B-A7A3-707DEF2DE063}.Release|Any CPU.ActiveCfg = Release|Any CPU
		{99CD1226-5159-4C9B-A7A3-707DEF2DE063}.Release|Any CPU.Build.0 = Release|Any CPU
		{BB389A93-60A0-47D8-AAC1-05118D948974}.Debug|Any CPU.ActiveCfg = Debug|Any CPU
		{BB389A93-60A0-47D8-AAC1-05118D948974}.Debug|Any CPU.Build.0 = Debug|Any CPU
		{BB389A93-60A0-47D8-AAC1-05118D948974}.Release|Any CPU.ActiveCfg = Release|Any CPU
		{BB389A93-60A0-47D8-AAC1-05118D948974}.Release|Any CPU.Build.0 = Release|Any CPU
	EndGlobalSection
	GlobalSection(SolutionProperties) = preSolution
		HideSolutionNode = FALSE
	EndGlobalSection
	GlobalSection(ExtensibilityGlobals) = postSolution
		SolutionGuid = {A11AEFCC-8C99-41A7-B10B-3D64D50BB4CE}
	EndGlobalSection
EndGlobal
